
Microsoft Visual Studio Solution File, Format Version 12.00
# Visual Studio 15
VisualStudioVersion = 15.0.27130.2036
MinimumVisualStudioVersion = 10.0.40219.1
Project("{FAE04EC0-301F-11D3-BF4B-00C04F79EFBC}") = "Condominio.Models", "Condominio.Models\Condominio.Models.csproj", "{75F9F4C5-3C4D-4AF0-B666-CC0BD2A630C1}"
EndProject
Project("{FAE04EC0-301F-11D3-BF4B-00C04F79EFBC}") = "Condominio.Data", "Condominio.Data\Condominio.Data.csproj", "{ECA9043B-0557-4733-82AA-33E0FC49145E}"
EndProject
Project("{FAE04EC0-301F-11D3-BF4B-00C04F79EFBC}") = "Condominio.Business", "Condominio.Business\Condominio.Business.csproj", "{279B96C5-71C0-4EF8-8469-F698ABFCE241}"
EndProject
Project("{FAE04EC0-301F-11D3-BF4B-00C04F79EFBC}") = "Condominio.Web", "Condominio.Web\Condominio.Web.csproj", "{03B37610-4494-42F4-898B-80BAB33B9793}"
EndProject
Global
	GlobalSection(SolutionConfigurationPlatforms) = preSolution
		Debug|Any CPU = Debug|Any CPU
		Release|Any CPU = Release|Any CPU
	EndGlobalSection
	GlobalSection(ProjectConfigurationPlatforms) = postSolution
		{75F9F4C5-3C4D-4AF0-B666-CC0BD2A630C1}.Debug|Any CPU.ActiveCfg = Debug|Any CPU
		{75F9F4C5-3C4D-4AF0-B666-CC0BD2A630C1}.Debug|Any CPU.Build.0 = Debug|Any CPU
		{75F9F4C5-3C4D-4AF0-B666-CC0BD2A630C1}.Release|Any CPU.ActiveCfg = Release|Any CPU
		{75F9F4C5-3C4D-4AF0-B666-CC0BD2A630C1}.Release|Any CPU.Build.0 = Release|Any CPU
		{ECA9043B-0557-4733-82AA-33E0FC49145E}.Debug|Any CPU.ActiveCfg = Debug|Any CPU
		{ECA9043B-0557-4733-82AA-33E0FC49145E}.Debug|Any CPU.Build.0 = Debug|Any CPU
		{ECA9043B-0557-4733-82AA-33E0FC49145E}.Release|Any CPU.ActiveCfg = Release|Any CPU
		{ECA9043B-0557-4733-82AA-33E0FC49145E}.Release|Any CPU.Build.0 = Release|Any CPU
		{279B96C5-71C0-4EF8-8469-F698ABFCE241}.Debug|Any CPU.ActiveCfg = Debug|Any CPU
		{279B96C5-71C0-4EF8-8469-F698ABFCE241}.Debug|Any CPU.Build.0 = Debug|Any CPU
		{279B96C5-71C0-4EF8-8469-F698ABFCE241}.Release|Any CPU.ActiveCfg = Release|Any CPU
		{279B96C5-71C0-4EF8-8469-F698ABFCE241}.Release|Any CPU.Build.0 = Release|Any CPU
		{03B37610-4494-42F4-898B-80BAB33B9793}.Debug|Any CPU.ActiveCfg = Debug|Any CPU
		{03B37610-4494-42F4-898B-80BAB33B9793}.Debug|Any CPU.Build.0 = Debug|Any CPU
		{03B37610-4494-42F4-898B-80BAB33B9793}.Release|Any CPU.ActiveCfg = Release|Any CPU
		{03B37610-4494-42F4-898B-80BAB33B9793}.Release|Any CPU.Build.0 = Release|Any CPU
	EndGlobalSection
	GlobalSection(SolutionProperties) = preSolution
		HideSolutionNode = FALSE
	EndGlobalSection
	GlobalSection(ExtensibilityGlobals) = postSolution
		SolutionGuid = {58DB66F2-9B31-479F-8506-11A76F3FB8F7}
	EndGlobalSection
EndGlobal
